
Microsoft Visual Studio Solution File, Format Version 12.00
# Visual Studio Version 17
VisualStudioVersion = 17.3.32922.545
MinimumVisualStudioVersion = 10.0.40219.1
Project("{9A19103F-16F7-4668-BE54-9A1E7A4F7556}") = "VoiceOfClock", "VoiceOfClock\VoiceOfClock.csproj", "{2BEE4E3E-2D42-4333-A15D-141204AC3445}"
EndProject
Project("{9A19103F-16F7-4668-BE54-9A1E7A4F7556}") = "VoiceOfClock.Models", "VoiceOfClock.Models\VoiceOfClock.Models.csproj", "{CF289313-2E8A-45C6-8C1C-210422B22629}"
EndProject
Global
	GlobalSection(SolutionConfigurationPlatforms) = preSolution
		Debug|Any CPU = Debug|Any CPU
		Debug|arm64 = Debug|arm64
		Debug|x64 = Debug|x64
		Debug|x86 = Debug|x86
		Release|Any CPU = Release|Any CPU
		Release|arm64 = Release|arm64
		Release|x64 = Release|x64
		Release|x86 = Release|x86
	EndGlobalSection
	GlobalSection(ProjectConfigurationPlatforms) = postSolution
		{2BEE4E3E-2D42-4333-A15D-141204AC3445}.Debug|Any CPU.ActiveCfg = Debug|x64
		{2BEE4E3E-2D42-4333-A15D-141204AC3445}.Debug|Any CPU.Build.0 = Debug|x64
		{2BEE4E3E-2D42-4333-A15D-141204AC3445}.Debug|Any CPU.Deploy.0 = Debug|x64
		{2BEE4E3E-2D42-4333-A15D-141204AC3445}.Debug|arm64.ActiveCfg = Debug|arm64
		{2BEE4E3E-2D42-4333-A15D-141204AC3445}.Debug|arm64.Build.0 = Debug|arm64
		{2BEE4E3E-2D42-4333-A15D-141204AC3445}.Debug|arm64.Deploy.0 = Debug|arm64
		{2BEE4E3E-2D42-4333-A15D-141204AC3445}.Debug|x64.ActiveCfg = Debug|x64
		{2BEE4E3E-2D42-4333-A15D-141204AC3445}.Debug|x64.Build.0 = Debug|x64
		{2BEE4E3E-2D42-4333-A15D-141204AC3445}.Debug|x64.Deploy.0 = Debug|x64
		{2BEE4E3E-2D42-4333-A15D-141204AC3445}.Debug|x86.ActiveCfg = Debug|x86
		{2BEE4E3E-2D42-4333-A15D-141204AC3445}.Debug|x86.Build.0 = Debug|x86
		{2BEE4E3E-2D42-4333-A15D-141204AC3445}.Debug|x86.Deploy.0 = Debug|x86
		{2BEE4E3E-2D42-4333-A15D-141204AC3445}.Release|Any CPU.ActiveCfg = Release|x64
		{2BEE4E3E-2D42-4333-A15D-141204AC3445}.Release|Any CPU.Build.0 = Release|x64
		{2BEE4E3E-2D42-4333-A15D-141204AC3445}.Release|Any CPU.Deploy.0 = Release|x64
		{2BEE4E3E-2D42-4333-A15D-141204AC3445}.Release|arm64.ActiveCfg = Release|arm64
		{2BEE4E3E-2D42-4333-A15D-141204AC3445}.Release|arm64.Build.0 = Release|arm64
		{2BEE4E3E-2D42-4333-A15D-141204AC3445}.Release|arm64.Deploy.0 = Release|arm64
		{2BEE4E3E-2D42-4333-A15D-141204AC3445}.Release|x64.ActiveCfg = Release|x64
		{2BEE4E3E-2D42-4333-A15D-141204AC3445}.Release|x64.Build.0 = Release|x64
		{2BEE4E3E-2D42-4333-A15D-141204AC3445}.Release|x64.Deploy.0 = Release|x64
		{2BEE4E3E-2D42-4333-A15D-141204AC3445}.Release|x86.ActiveCfg = Release|x86
		{2BEE4E3E-2D42-4333-A15D-141204AC3445}.Release|x86.Build.0 = Release|x86
		{2BEE4E3E-2D42-4333-A15D-141204AC3445}.Release|x86.Deploy.0 = Release|x86
		{CF289313-2E8A-45C6-8C1C-210422B22629}.Debug|Any CPU.ActiveCfg = Debug|Any CPU
		{CF289313-2E8A-45C6-8C1C-210422B22629}.Debug|Any CPU.Build.0 = Debug|Any CPU
		{CF289313-2E8A-45C6-8C1C-210422B22629}.Debug|arm64.ActiveCfg = Debug|Any CPU
		{CF289313-2E8A-45C6-8C1C-210422B22629}.Debug|arm64.Build.0 = Debug|Any CPU
		{CF289313-2E8A-45C6-8C1C-210422B22629}.Debug|x64.ActiveCfg = Debug|Any CPU
		{CF289313-2E8A-45C6-8C1C-210422B22629}.Debug|x64.Build.0 = Debug|Any CPU
		{CF289313-2E8A-45C6-8C1C-210422B22629}.Debug|x86.ActiveCfg = Debug|Any CPU
		{CF289313-2E8A-45C6-8C1C-210422B22629}.Debug|x86.Build.0 = Debug|Any CPU
		{CF289313-2E8A-45C6-8C1C-210422B22629}.Release|Any CPU.ActiveCfg = Release|Any CPU
		{CF289313-2E8A-45C6-8C1C-210422B22629}.Release|Any CPU.Build.0 = Release|Any CPU
		{CF289313-2E8A-45C6-8C1C-210422B22629}.Release|arm64.ActiveCfg = Release|Any CPU
		{CF289313-2E8A-45C6-8C1C-210422B22629}.Release|arm64.Build.0 = Release|Any CPU
		{CF289313-2E8A-45C6-8C1C-210422B22629}.Release|x64.ActiveCfg = Release|Any CPU
		{CF289313-2E8A-45C6-8C1C-210422B22629}.Release|x64.Build.0 = Release|Any CPU
		{CF289313-2E8A-45C6-8C1C-210422B22629}.Release|x86.ActiveCfg = Release|Any CPU
		{CF289313-2E8A-45C6-8C1C-210422B22629}.Release|x86.Build.0 = Release|Any CPU
	EndGlobalSection
	GlobalSection(SolutionProperties) = preSolution
		HideSolutionNode = FALSE
	EndGlobalSection
	GlobalSection(ExtensibilityGlobals) = postSolution
		SolutionGuid = {BA40111F-296F-4962-9C16-3800557120FD}
	EndGlobalSection
EndGlobal
